
Microsoft Visual Studio Solution File, Format Version 12.00
# Visual Studio 15
VisualStudioVersion = 15.0.28010.2003
MinimumVisualStudioVersion = 10.0.40219.1
Project("{9A19103F-16F7-4668-BE54-9A1E7A4F7556}") = "OctoConfigTool", "src\OctoConfigTool\OctoConfigTool.csproj", "{28C84D09-A599-4B4F-9594-88D1C4CCC18B}"
EndProject
Project("{2150E333-8FDC-42A3-9474-1A3956D46DE8}") = "src", "src", "{2ABDD0A3-F25D-4485-BB67-9F9B97030FCF}"
EndProject
Project("{9A19103F-16F7-4668-BE54-9A1E7A4F7556}") = "OctoConfig.Core", "src\OctoConfig.Core\OctoConfig.Core.csproj", "{04A11212-26A9-4DFD-8A97-154730165DD3}"
EndProject
Project("{2150E333-8FDC-42A3-9474-1A3956D46DE8}") = "test", "test", "{EBE03E7A-47B7-4CA7-ABB5-C78F4C1CC308}"
EndProject
Project("{9A19103F-16F7-4668-BE54-9A1E7A4F7556}") = "OctoConfig.Tests", "test\OctoConfig.Tests\OctoConfig.Tests.csproj", "{23146FAB-C670-4E79-B9C0-5691D6B6150B}"
EndProject
Global
	GlobalSection(SolutionConfigurationPlatforms) = preSolution
		Debug|Any CPU = Debug|Any CPU
		Release|Any CPU = Release|Any CPU
	EndGlobalSection
	GlobalSection(ProjectConfigurationPlatforms) = postSolution
		{28C84D09-A599-4B4F-9594-88D1C4CCC18B}.Debug|Any CPU.ActiveCfg = Debug|Any CPU
		{28C84D09-A599-4B4F-9594-88D1C4CCC18B}.Debug|Any CPU.Build.0 = Debug|Any CPU
		{28C84D09-A599-4B4F-9594-88D1C4CCC18B}.Release|Any CPU.ActiveCfg = Release|Any CPU
		{28C84D09-A599-4B4F-9594-88D1C4CCC18B}.Release|Any CPU.Build.0 = Release|Any CPU
		{04A11212-26A9-4DFD-8A97-154730165DD3}.Debug|Any CPU.ActiveCfg = Debug|Any CPU
		{04A11212-26A9-4DFD-8A97-154730165DD3}.Debug|Any CPU.Build.0 = Debug|Any CPU
		{04A11212-26A9-4DFD-8A97-154730165DD3}.Release|Any CPU.ActiveCfg = Release|Any CPU
		{04A11212-26A9-4DFD-8A97-154730165DD3}.Release|Any CPU.Build.0 = Release|Any CPU
		{23146FAB-C670-4E79-B9C0-5691D6B6150B}.Debug|Any CPU.ActiveCfg = Debug|Any CPU
		{23146FAB-C670-4E79-B9C0-5691D6B6150B}.Debug|Any CPU.Build.0 = Debug|Any CPU
		{23146FAB-C670-4E79-B9C0-5691D6B6150B}.Release|Any CPU.ActiveCfg = Release|Any CPU
		{23146FAB-C670-4E79-B9C0-5691D6B6150B}.Release|Any CPU.Build.0 = Release|Any CPU
	EndGlobalSection
	GlobalSection(SolutionProperties) = preSolution
		HideSolutionNode = FALSE
	EndGlobalSection
	GlobalSection(NestedProjects) = preSolution
		{28C84D09-A599-4B4F-9594-88D1C4CCC18B} = {2ABDD0A3-F25D-4485-BB67-9F9B97030FCF}
		{04A11212-26A9-4DFD-8A97-154730165DD3} = {2ABDD0A3-F25D-4485-BB67-9F9B97030FCF}
		{23146FAB-C670-4E79-B9C0-5691D6B6150B} = {EBE03E7A-47B7-4CA7-ABB5-C78F4C1CC308}
	EndGlobalSection
	GlobalSection(ExtensibilityGlobals) = postSolution
		SolutionGuid = {A2EE54F8-16EB-4893-BD50-5D5F3D38E22A}
	EndGlobalSection
EndGlobal
